
Microsoft Visual Studio Solution File, Format Version 12.00
# Visual Studio Version 16
VisualStudioVersion = 16.0.31702.278
MinimumVisualStudioVersion = 10.0.40219.1
Project("{FAE04EC0-301F-11D3-BF4B-00C04F79EFBC}") = "PracticeViewComp", "PracticeViewComp\PracticeViewComp.csproj", "{64DD1BB3-716C-4705-91EB-C9BEC876287D}"
EndProject
Global
	GlobalSection(SolutionConfigurationPlatforms) = preSolution
		Debug|Any CPU = Debug|Any CPU
		Release|Any CPU = Release|Any CPU
	EndGlobalSection
	GlobalSection(ProjectConfigurationPlatforms) = postSolution
		{64DD1BB3-716C-4705-91EB-C9BEC876287D}.Debug|Any CPU.ActiveCfg = Debug|Any CPU
		{64DD1BB3-716C-4705-91EB-C9BEC876287D}.Debug|Any CPU.Build.0 = Debug|Any CPU
		{64DD1BB3-716C-4705-91EB-C9BEC876287D}.Release|Any CPU.ActiveCfg = Release|Any CPU
		{64DD1BB3-716C-4705-91EB-C9BEC876287D}.Release|Any CPU.Build.0 = Release|Any CPU
	EndGlobalSection
	GlobalSection(SolutionProperties) = preSolution
		HideSolutionNode = FALSE
	EndGlobalSection
	GlobalSection(ExtensibilityGlobals) = postSolution
		SolutionGuid = {41258CD9-450E-4800-AA7D-964CA5322E64}
	EndGlobalSection
EndGlobal
